// !$*UTF8*$!
{
	archiveVersion = 1;
	classes = {
	};
	objectVersion = 46;
	objects = {

/* Begin PBXBuildFile section */
		035060E11B2CCC5300AE878F /* main.swift in Sources */ = {isa = PBXBuildFile; fileRef = 035060E01B2CCC5300AE878F /* main.swift */; };
		035060E81B2CD23000AE878F /* Account.swift in Sources */ = {isa = PBXBuildFile; fileRef = 035060E71B2CD23000AE878F /* Account.swift */; };
/* End PBXBuildFile section */

/* Begin PBXCopyFilesBuildPhase section */
		035060DB1B2CCC5300AE878F /* CopyFiles */ = {
			isa = PBXCopyFilesBuildPhase;
			buildActionMask = 2147483647;
			dstPath = /usr/share/man/man1/;
			dstSubfolderSpec = 0;
			files = (
			);
			runOnlyForDeploymentPostprocessing = 1;
		};
/* End PBXCopyFilesBuildPhase section */

/* Begin PBXFileReference section */
		035060DD1B2CCC5300AE878F /* ch3_deitelSwiftFP_BankAccountEg */ = {isa = PBXFileReference; explicitFileType = "compiled.mach-o.executable"; includeInIndex = 0; path = ch3_deitelSwiftFP_BankAccountEg; sourceTree = BUILT_PRODUCTS_DIR; };
		035060E01B2CCC5300AE878F /* main.swift */ = {isa = PBXFileReference; lastKnownFileType = sourcecode.swift; path = main.swift; sourceTree = "<group>"; };
		035060E71B2CD23000AE878F /* Account.swift */ = {isa = PBXFileReference; fileEncoding = 4; lastKnownFileType = sourcecode.swift; path = Account.swift; sourceTree = "<group>"; };
/* End PBXFileReference section */

/* Begin PBXFrameworksBuildPhase section */
		035060DA1B2CCC5300AE878F /* Frameworks */ = {
			isa = PBXFrameworksBuildPhase;
			buildActionMask = 2147483647;
			files = (
			);
			runOnlyForDeploymentPostprocessing = 0;
		};
/* End PBXFrameworksBuildPhase section */

/* Begin PBXGroup section */
		035060D41B2CCC5300AE878F = {
			isa = PBXGroup;
			children = (
				035060DF1B2CCC5300AE878F /* ch3_deitelSwiftFP_BankAccountEg */,
				035060DE1B2CCC5300AE878F /* Products */,
			);
			sourceTree = "<group>";
		};
		035060DE1B2CCC5300AE878F /* Products */ = {
			isa = PBXGroup;
			children = (
				035060DD1B2CCC5300AE878F /* ch3_deitelSwiftFP_BankAccountEg */,
			);
			name = Products;
			sourceTree = "<group>";
		};
		035060DF1B2CCC5300AE878F /* ch3_deitelSwiftFP_BankAccountEg */ = {
			isa = PBXGroup;
			children = (
				035060E01B2CCC5300AE878F /* main.swift */,
				035060E71B2CD23000AE878F /* Account.swift */,
			);
			path = ch3_deitelSwiftFP_BankAccountEg;
			sourceTree = "<group>";
		};
/* End PBXGroup section */

/* Begin PBXNativeTarget section */
		035060DC1B2CCC5300AE878F /* ch3_deitelSwiftFP_BankAccountEg */ = {
			isa = PBXNativeTarget;
			buildConfigurationList = 035060E41B2CCC5300AE878F /* Build configuration list for PBXNativeTarget "ch3_deitelSwiftFP_BankAccountEg" */;
			buildPhases = (
				035060D91B2CCC5300AE878F /* Sources */,
				035060DA1B2CCC5300AE878F /* Frameworks */,
				035060DB1B2CCC5300AE878F /* CopyFiles */,
			);
			buildRules = (
			);
			dependencies = (
			);
			name = ch3_deitelSwiftFP_BankAccountEg;
			productName = ch3_deitelSwiftFP_BankAccountEg;
			productReference = 035060DD1B2CCC5300AE878F /* ch3_deitelSwiftFP_BankAccountEg */;
			productType = "com.apple.product-type.tool";
		};
/* End PBXNativeTarget section */

/* Begin PBXProject section */
		035060D51B2CCC5300AE878F /* Project object */ = {
			isa = PBXProject;
			attributes = {
				LastUpgradeCheck = 0630;
				ORGANIZATIONNAME = USF;
				TargetAttributes = {
					035060DC1B2CCC5300AE878F = {
						CreatedOnToolsVersion = 6.3.2;
					};
				};
			};
			buildConfigurationList = 035060D81B2CCC5300AE878F /* Build configuration list for PBXProject "ch3_deitelSwiftFP_BankAccountEg" */;
			compatibilityVersion = "Xcode 3.2";
			developmentRegion = English;
			hasScannedForEncodings = 0;
			knownRegions = (
				en,
			);
			mainGroup = 035060D41B2CCC5300AE878F;
			productRefGroup = 035060DE1B2CCC5300AE878F /* Products */;
			projectDirPath = "";
			projectRoot = "";
			targets = (
				035060DC1B2CCC5300AE878F /* ch3_deitelSwiftFP_BankAccountEg */,
			);
		};
/* End PBXProject section */

/* Begin PBXSourcesBuildPhase section */
		035060D91B2CCC5300AE878F /* Sources */ = {
			isa = PBXSourcesBuildPhase;
			buildActionMask = 2147483647;
			files = (
				035060E11B2CCC5300AE878F /* main.swift in Sources */,
				035060E81B2CD23000AE878F /* Account.swift in Sources */,
			);
			runOnlyForDeploymentPostprocessing = 0;
		};
/* End PBXSourcesBuildPhase section */

/* Begin XCBuildConfiguration section */
		035060E21B2CCC5300AE878F /* Debug */ = {
			isa = XCBuildConfiguration;
			buildSettings = {
				ALWAYS_SEARCH_USER_PATHS = NO;
				CLANG_CXX_LANGUAGE_STANDARD = "gnu++0x";
				CLANG_CXX_LIBRARY = "libc++";
				CLANG_ENABLE_MODULES = YES;
				CLANG_ENABLE_OBJC_ARC = YES;
				CLANG_WARN_BOOL_CONVERSION = YES;
				CLANG_WARN_CONSTANT_CONVERSION = YES;
				CLANG_WARN_DIRECT_OBJC_ISA_USAGE = YES_ERROR;
				CLANG_WARN_EMPTY_BODY = YES;
				CLANG_WARN_ENUM_CONVERSION = YES;
				CLANG_WARN_INT_CONVERSION = YES;
				CLANG_WARN_OBJC_ROOT_CLASS = YES_ERROR;
				CLANG_WARN_UNREACHABLE_CODE = YES;
				CLANG_WARN__DUPLICATE_METHOD_MATCH = YES;
				COPY_PHASE_STRIP = NO;
				DEBUG_INFORMATION_FORMAT = dwarf;
				ENABLE_STRICT_OBJC_MSGSEND = YES;
				GCC_C_LANGUAGE_STANDARD = gnu99;
				GCC_DYNAMIC_NO_PIC = NO;
				GCC_NO_COMMON_BLOCKS = YES;
				GCC_OPTIMIZATION_LEVEL = 0;
				GCC_PREPROCESSOR_DEFINITIONS = (
					"DEBUG=1",
					"$(inherited)",
				);
				GCC_SYMBOLS_PRIVATE_EXTERN = NO;
				GCC_WARN_64_TO_32_BIT_CONVERSION = YES;
				GCC_WARN_ABOUT_RETURN_TYPE = YES_ERROR;
				GCC_WARN_UNDECLARED_SELECTOR = YES;
				GCC_WARN_UNINITIALIZED_AUTOS = YES_AGGRESSIVE;
				GCC_WARN_UNUSED_FUNCTION = YES;
				GCC_WARN_UNUSED_VARIABLE = YES;
				MACOSX_DEPLOYMENT_TARGET = 10.10;
				MTL_ENABLE_DEBUG_INFO = YES;
				ONLY_ACTIVE_ARCH = YES;
				SDKROOT = macosx;
				SWIFT_OPTIMIZATION_LEVEL = "-Onone";
			};
			name = Debug;
		};
		035060E31B2CCC5300AE878F /* Release */ = {
			isa = XCBuildConfiguration;
			buildSettings = {
				ALWAYS_SEARCH_USER_PATHS = NO;
				CLANG_CXX_LANGUAGE_STANDARD = "gnu++0x";
				CLANG_CXX_LIBRARY = "libc++";
				CLANG_ENABLE_MODULES = YES;
				CLANG_ENABLE_OBJC_ARC = YES;
				CLANG_WARN_BOOL_CONVERSION = YES;
				CLANG_WARN_CONSTANT_CONVERSION = YES;
				CLANG_WARN_DIRECT_OBJC_ISA_USAGE = YES_ERROR;
				CLANG_WARN_EMPTY_BODY = YES;
				CLANG_WARN_ENUM_CONVERSION = YES;
				CLANG_WARN_INT_CONVERSION = YES;
				CLANG_WARN_OBJC_ROOT_CLASS = YES_ERROR;
				CLANG_WARN_UNREACHABLE_CODE = YES;
				CLANG_WARN__DUPLICATE_METHOD_MATCH = YES;
				COPY_PHASE_STRIP = NO;
				DEBUG_INFORMATION_FORMAT = "dwarf-with-dsym";
				ENABLE_NS_ASSERTIONS = NO;
				ENABLE_STRICT_OBJC_MSGSEND = YES;
				GCC_C_LANGUAGE_STANDARD = gnu99;
				GCC_NO_COMMON_BLOCKS = YES;
				GCC_WARN_64_TO_32_BIT_CONVERSION = YES;
				GCC_WARN_ABOUT_RETURN_TYPE = YES_ERROR;
				GCC_WARN_UNDECLARED_SELECTOR = YES;
				GCC_WARN_UNINITIALIZED_AUTOS = YES_AGGRESSIVE;
				GCC_WARN_UNUSED_FUNCTION = YES;
				GCC_WARN_UNUSED_VARIABLE = YES;
				MACOSX_DEPLOYMENT_TARGET = 10.10;
				MTL_ENABLE_DEBUG_INFO = NO;
				SDKROOT = macosx;
			};
			name = Release;
		};
		035060E51B2CCC5300AE878F /* Debug */ = {
			isa = XCBuildConfiguration;
			buildSettings = {
				PRODUCT_NAME = "$(TARGET_NAME)";
			};
			name = Debug;
		};
		035060E61B2CCC5300AE878F /* Release */ = {
			isa = XCBuildConfiguration;
			buildSettings = {
				PRODUCT_NAME = "$(TARGET_NAME)";
			};
			name = Release;
		};
/* End XCBuildConfiguration section */

/* Begin XCConfigurationList section */
		035060D81B2CCC5300AE878F /* Build configuration list for PBXProject "ch3_deitelSwiftFP_BankAccountEg" */ = {
			isa = XCConfigurationList;
			buildConfigurations = (
				035060E21B2CCC5300AE878F /* Debug */,
				035060E31B2CCC5300AE878F /* Release */,
			);
			defaultConfigurationIsVisible = 0;
			defaultConfigurationName = Release;
		};
		035060E41B2CCC5300AE878F /* Build configuration list for PBXNativeTarget "ch3_deitelSwiftFP_BankAccountEg" */ = {
			isa = XCConfigurationList;
			buildConfigurations = (
				035060E51B2CCC5300AE878F /* Debug */,
				035060E61B2CCC5300AE878F /* Release */,
			);
			defaultConfigurationIsVisible = 0;
		};
/* End XCConfigurationList section */
	};
	rootObject = 035060D51B2CCC5300AE878F /* Project object */;
}
